
Microsoft Visual Studio Solution File, Format Version 12.00
# Visual Studio Version 16
VisualStudioVersion = 16.0.28803.352
MinimumVisualStudioVersion = 10.0.40219.1
Project("{8BC9CEB8-8B4A-11D0-8D11-00A0C91BC942}") = "Project8_BankAccount", "Project8_BankAccount.vcxproj", "{811F665C-0966-4016-9015-627BF71D59FC}"
EndProject
Global
	GlobalSection(SolutionConfigurationPlatforms) = preSolution
		Debug|x64 = Debug|x64
		Debug|x86 = Debug|x86
		Release|x64 = Release|x64
		Release|x86 = Release|x86
	EndGlobalSection
	GlobalSection(ProjectConfigurationPlatforms) = postSolution
		{811F665C-0966-4016-9015-627BF71D59FC}.Debug|x64.ActiveCfg = Debug|x64
		{811F665C-0966-4016-9015-627BF71D59FC}.Debug|x64.Build.0 = Debug|x64
		{811F665C-0966-4016-9015-627BF71D59FC}.Debug|x86.ActiveCfg = Debug|Win32
		{811F665C-0966-4016-9015-627BF71D59FC}.Debug|x86.Build.0 = Debug|Win32
		{811F665C-0966-4016-9015-627BF71D59FC}.Release|x64.ActiveCfg = Release|x64
		{811F665C-0966-4016-9015-627BF71D59FC}.Release|x64.Build.0 = Release|x64
		{811F665C-0966-4016-9015-627BF71D59FC}.Release|x86.ActiveCfg = Release|Win32
		{811F665C-0966-4016-9015-627BF71D59FC}.Release|x86.Build.0 = Release|Win32
	EndGlobalSection
	GlobalSection(SolutionProperties) = preSolution
		HideSolutionNode = FALSE
	EndGlobalSection
	GlobalSection(ExtensibilityGlobals) = postSolution
		SolutionGuid = {ACDCD03E-FD50-49BF-B0A1-1AA6CC821A60}
	EndGlobalSection
EndGlobal
