
Microsoft Visual Studio Solution File, Format Version 12.00
# Visual Studio 15
VisualStudioVersion = 15.0.28307.421
MinimumVisualStudioVersion = 10.0.40219.1
Project("{8BC9CEB8-8B4A-11D0-8D11-00A0C91BC942}") = "Project2_CalculatorRemake", "Project2_CalculatorRemake\Project2_CalculatorRemake.vcxproj", "{866BECA3-D514-4AA1-90B5-64A95D66141A}"
EndProject
Global
	GlobalSection(SolutionConfigurationPlatforms) = preSolution
		Debug|x64 = Debug|x64
		Debug|x86 = Debug|x86
		Release|x64 = Release|x64
		Release|x86 = Release|x86
	EndGlobalSection
	GlobalSection(ProjectConfigurationPlatforms) = postSolution
		{866BECA3-D514-4AA1-90B5-64A95D66141A}.Debug|x64.ActiveCfg = Debug|x64
		{866BECA3-D514-4AA1-90B5-64A95D66141A}.Debug|x64.Build.0 = Debug|x64
		{866BECA3-D514-4AA1-90B5-64A95D66141A}.Debug|x86.ActiveCfg = Debug|Win32
		{866BECA3-D514-4AA1-90B5-64A95D66141A}.Debug|x86.Build.0 = Debug|Win32
		{866BECA3-D514-4AA1-90B5-64A95D66141A}.Release|x64.ActiveCfg = Release|x64
		{866BECA3-D514-4AA1-90B5-64A95D66141A}.Release|x64.Build.0 = Release|x64
		{866BECA3-D514-4AA1-90B5-64A95D66141A}.Release|x86.ActiveCfg = Release|Win32
		{866BECA3-D514-4AA1-90B5-64A95D66141A}.Release|x86.Build.0 = Release|Win32
	EndGlobalSection
	GlobalSection(SolutionProperties) = preSolution
		HideSolutionNode = FALSE
	EndGlobalSection
	GlobalSection(ExtensibilityGlobals) = postSolution
		SolutionGuid = {986A3003-5ADC-411C-B257-BFE1765DCE58}
	EndGlobalSection
EndGlobal
